{
  "version": 1,
  "lockedAt": "2026-07-20T23:35:04.833Z",
  "skills": {
    "blog": {
      "source": {
        "type": "local",
        "name": "personal",
        "path": "~/.skill-sync/skills/blog",
        "fetchedAt": "2026-07-20T23:35:04.493Z"
      },
      "installMode": "mirror",
      "files": {
        "references/audit.md": {
          "sha256": "806b068e9462498ef3e46f7a0a2e122d872ae6bbcf5d013249d3f428dbb37ee1",
          "size": 185
        },
        "references/cleanup.md": {
          "sha256": "a837bc371986456d5eb504067d9557c8d6fad3a83f90dd834d343206801bb4e9",
          "size": 144
        },
        "references/critique.md": {
          "sha256": "95ae54273bca1e1a2d99d812b529b5f0955411ecb4d51bc8c0000de99768501c",
          "size": 2117
        },
        "references/deformulize.md": {
          "sha256": "17cf904d4fd63b1e1615e6865c77c477f895f5d54a4949039e186c5637a32024",
          "size": 199
        },
        "references/draft.md": {
          "sha256": "2bc7e67782bc8699362ad26700844a15c7184daf794fb4d6d052254f5e28f097",
          "size": 228
        },
        "references/editorial-review.md": {
          "sha256": "86e07271e1172621333c1a1ce46a86eab7de309b19f5e6d8563d6074abc06b66",
          "size": 182
        },
        "references/plan.md": {
          "sha256": "7bbf79c72e0e1b0cb89913f55f9c87496005a0ece3dd420ba05ba8aa063a6a22",
          "size": 291
        },
        "references/research.md": {
          "sha256": "3951e61dcff425f3023d8295e1e808013f2eaa16de7f345082422214f43d9832",
          "size": 290
        },
        "SKILL.md": {
          "sha256": "7e02673521ded03df3a88523d54fa92cd2fa98e1e19046047eb1cbdd7cf7cff1",
          "size": 1837
        },
        "skill.yaml": {
          "sha256": "44bf3fd9cae4da27eee662fb0e91b826a4d19c1757ac4474b57952eee94ec36f",
          "size": 183
        }
      }
    },
    "code": {
      "source": {
        "type": "local",
        "name": "personal",
        "path": "~/.skill-sync/skills/code",
        "fetchedAt": "2026-07-20T23:35:04.500Z"
      },
      "installMode": "mirror",
      "files": {
        "references/analysis.md": {
          "sha256": "2b86b9e35303d84a900c0681ac0e61393f8dd8f0f4ff5a18180801c1f9e2e982",
          "size": 310
        },
        "references/compare.md": {
          "sha256": "225467c450947cfea167667b53f3962724860d918f04fbcbd7e3c984a663978f",
          "size": 770
        },
        "references/five-axis-review.md": {
          "sha256": "883a830c506ac11ad86eb502ed6405f67192fc7d1822791f76af0119c3f20dc6",
          "size": 5204
        },
        "references/handoff.md": {
          "sha256": "37ecdbe8e88662d8bda26b8b87412081750ba1e23fb804a68e0803fe7cf7e8c2",
          "size": 695
        },
        "references/implementation.md": {
          "sha256": "f5717b828ce5ee7100c2b8eee5474e0ae942360bccd5469070b8239999901fb4",
          "size": 739
        },
        "references/iterate.md": {
          "sha256": "c61b074cbafe77425c74da9cc19a345cc4d0e79f8cbffb69202792de0cea66f4",
          "size": 1922
        },
        "references/shrink.md": {
          "sha256": "e4aa09578f50e8661b66e8947c90192159a79bb1e50d91a00978e170cafd9988",
          "size": 721
        },
        "SKILL.md": {
          "sha256": "fdc241140bfcafaab60990921b146a8c91a763c6d79bfc8c4ecc3dad9aa3136d",
          "size": 1979
        },
        "skill.yaml": {
          "sha256": "d828f5f4c7075ad76083914ad5b3525bb3ab16d59ba0c293cb8d1f2759cf75bf",
          "size": 1044
        }
      }
    },
    "docs": {
      "source": {
        "type": "local",
        "name": "personal",
        "path": "~/.skill-sync/skills/docs",
        "fetchedAt": "2026-07-20T23:35:04.509Z"
      },
      "installMode": "mirror",
      "files": {
        "references/adversarial.md": {
          "sha256": "9443a86129d03aa00c2facb4c504bb541e530cdef7f1e6da647e79e51d791528",
          "size": 167
        },
        "references/build.md": {
          "sha256": "5f7adc15b0b22557f26bf1e29ccf7831737b22d0aa5ddd1868e2ff969ddfecd1",
          "size": 169
        },
        "references/commit.md": {
          "sha256": "794ab65275449b0d10e4cad5d9d4c7342b1b2e1d931c3351334cb47d8be9e924",
          "size": 139
        },
        "references/create.md": {
          "sha256": "aa32e1edca7e1339ed5f95821df6a9015239c248006e6c1e50bd7356f6e54132",
          "size": 171
        },
        "references/review.md": {
          "sha256": "8995cad71c54b59c07c4be1324f7fbe5f75ac7a1c250a96539dfcc7a942f1475",
          "size": 176
        },
        "SKILL.md": {
          "sha256": "066b7184f5d988953f4e6caf2e3f38cd9b61ecb9bdbebaf7c93920b969173f59",
          "size": 1582
        },
        "skill.yaml": {
          "sha256": "b348d06c928d986a3714d5337723e59c40a45939e31405a8de2019171de32970",
          "size": 204
        }
      }
    },
    "skill-sync": {
      "source": {
        "type": "local",
        "name": "personal",
        "path": "~/.skill-sync/skills/skill-sync",
        "fetchedAt": "2026-07-20T23:35:04.512Z"
      },
      "installMode": "mirror",
      "files": {
        "references/operations.md": {
          "sha256": "712fbe9fe837066dbef42107183a5d0cc6d1c6938a5b47b2be151bf32b919013",
          "size": 888
        },
        "SKILL.md": {
          "sha256": "0b6264d08b92681dfa8565de3b962daccd854a521eb3a3b029dfcc2399d95535",
          "size": 1368
        },
        "skill.yaml": {
          "sha256": "a65d60707d5db13f2d80a7ecb375cf42d624e393da19fb72956426c32efe007e",
          "size": 167
        }
      }
    },
    "test": {
      "source": {
        "type": "local",
        "name": "personal",
        "path": "~/.skill-sync/skills/test",
        "fetchedAt": "2026-07-20T23:35:04.516Z"
      },
      "installMode": "mirror",
      "files": {
        "references/cleanup.md": {
          "sha256": "de0a4346abacdc800b027d85171bf0778fe5c6fd31f76359b64abb2b9ee4472e",
          "size": 147
        },
        "references/coverage.md": {
          "sha256": "170032b8888fa3a37f26e6d57becdaf31371393d6ed55fa76cf8f1ef0e54b5b3",
          "size": 165
        },
        "references/create.md": {
          "sha256": "6aac824073f93d6f3375acc4ef299f080d51dd909735b65b36883335e1e26140",
          "size": 184
        },
        "references/fix.md": {
          "sha256": "34958400d5b2008a9390a3dba7785abfe4f7b518c2c2c1d91cdf82314c86a646",
          "size": 214
        },
        "references/perf.md": {
          "sha256": "7ce139984b802619008cd8dfe24feb5a1c2aa9c02249e54bd780ecc7cfe546c9",
          "size": 922
        },
        "references/run.md": {
          "sha256": "0b004c21f4578a31a77317ec6115720b49212d66064540ba2509433a5fd528fa",
          "size": 360
        },
        "SKILL.md": {
          "sha256": "c9fb785abaf7e1d8d8708393d9eba5f2fdddd13c3b8fdf457bce51706a3f7f7c",
          "size": 1456
        },
        "skill.yaml": {
          "sha256": "58a892c4641cea9cfb10e08f8c91c5d6c728d3cafc43fa8c8d9ed6ede4c23f27",
          "size": 405
        }
      }
    },
    "todo": {
      "source": {
        "type": "local",
        "name": "personal",
        "path": "~/.skill-sync/skills/todo",
        "fetchedAt": "2026-07-20T23:35:04.519Z"
      },
      "installMode": "mirror",
      "files": {
        "references/ideate.md": {
          "sha256": "0e51cd102318401666fa39211eb98ecb2d9e3c52a7417f3e7b149eec230361ee",
          "size": 328
        },
        "references/spec.md": {
          "sha256": "f34652aed8a07e8fbf53406f494443af43ea94315281f5148bf9d6b6cb6b0569",
          "size": 544
        },
        "SKILL.md": {
          "sha256": "64bfb8e5670784b73dcd9b9a9f9acfbe803bf6eed02a926d8d8e21d711434d81",
          "size": 921
        },
        "skill.yaml": {
          "sha256": "50aa2f9d1860de47e987851ef3b1ad96fbe93194b9cf1d712afe0146b8ab645b",
          "size": 187
        }
      }
    },
    "SHARED/commit-framework": {
      "source": {
        "type": "local",
        "name": "personal",
        "path": "~/.skill-sync/skills/SHARED/commit-framework",
        "fetchedAt": "2026-07-20T23:35:04.522Z"
      },
      "installMode": "mirror",
      "files": {
        "SKILL.md": {
          "sha256": "10b6f305ec13b2cd22a788b89d176d8f7e65197ba2fed90c7e2d846c968303dd",
          "size": 1192
        },
        "skill.yaml": {
          "sha256": "39b007a53d9126d3fe4e8938a67d616a52be210a82ba211753afa92a073d06bd",
          "size": 78
        }
      }
    },
    "SHARED/verify-framework": {
      "source": {
        "type": "local",
        "name": "personal",
        "path": "~/.skill-sync/skills/SHARED/verify-framework",
        "fetchedAt": "2026-07-20T23:35:04.524Z"
      },
      "installMode": "mirror",
      "files": {
        "SKILL.md": {
          "sha256": "34e725cc1dc63bd86b5e88635569443d2d8cc57c9a6d780ee4cde99d8e84da92",
          "size": 1533
        },
        "skill.yaml": {
          "sha256": "39b007a53d9126d3fe4e8938a67d616a52be210a82ba211753afa92a073d06bd",
          "size": 78
        }
      }
    },
    "SHARED/research-framework": {
      "source": {
        "type": "local",
        "name": "personal",
        "path": "~/.skill-sync/skills/SHARED/research-framework",
        "fetchedAt": "2026-07-20T23:35:04.525Z"
      },
      "installMode": "mirror",
      "files": {
        "SKILL.md": {
          "sha256": "b9a0b7beab49cd4311b9666d4841451f243d29f8d376320d1cdc8fdc9f4430fe",
          "size": 705
        },
        "skill.yaml": {
          "sha256": "39b007a53d9126d3fe4e8938a67d616a52be210a82ba211753afa92a073d06bd",
          "size": 78
        }
      }
    },
    "SHARED/compare-framework": {
      "source": {
        "type": "local",
        "name": "personal",
        "path": "~/.skill-sync/skills/SHARED/compare-framework",
        "fetchedAt": "2026-07-20T23:35:04.527Z"
      },
      "installMode": "mirror",
      "files": {
        "SKILL.md": {
          "sha256": "1fec8a2a78e08bcba707dccb5e63edd465b62acdbb2551667f770b6fd6d33a15",
          "size": 1014
        },
        "skill.yaml": {
          "sha256": "39b007a53d9126d3fe4e8938a67d616a52be210a82ba211753afa92a073d06bd",
          "size": 78
        }
      }
    },
    "SHARED/shrink-framework": {
      "source": {
        "type": "local",
        "name": "personal",
        "path": "~/.skill-sync/skills/SHARED/shrink-framework",
        "fetchedAt": "2026-07-20T23:35:04.528Z"
      },
      "installMode": "mirror",
      "files": {
        "SKILL.md": {
          "sha256": "9628876855c8ee95b7d2579de39896cf6a94a74e15a33cf0a2bd1522d63b4a44",
          "size": 1524
        },
        "skill.yaml": {
          "sha256": "39b007a53d9126d3fe4e8938a67d616a52be210a82ba211753afa92a073d06bd",
          "size": 78
        }
      }
    },
    "tidy-perms": {
      "source": {
        "type": "local",
        "name": "personal",
        "path": "~/.skill-sync/skills/tidy-perms",
        "fetchedAt": "2026-07-20T23:35:04.520Z"
      },
      "installMode": "mirror",
      "files": {
        "references/audit.md": {
          "sha256": "214ff1446853112559e205ae06de79601458cf3e85dac060cb2412896b0f8307",
          "size": 242
        },
        "references/consolidate.md": {
          "sha256": "f4e5f30dd535fe1e27e437258628d8b267370eb94d5a0ead626843b9780b8ce0",
          "size": 722
        },
        "references/permissions-model.md": {
          "sha256": "e8f22bcfad39c624bee87984afde0f83ab2a7b660c191843e7f8415209d2c888",
          "size": 741
        },
        "SKILL.md": {
          "sha256": "0383fc2b615df9ed978033eb73a5a40dfb7eb74f9f83f91172da451c3c2a94fd",
          "size": 912
        },
        "skill.yaml": {
          "sha256": "6d78cd1a38c54d7c83954e28c997e980ed0e5cd02a5b190c2c2cd38663cb21c5",
          "size": 405
        }
      }
    },
    "SHARED/context-guide": {
      "source": {
        "type": "local",
        "name": "personal",
        "path": "~/.skill-sync/skills/SHARED/context-guide",
        "fetchedAt": "2026-07-20T23:35:04.530Z"
      },
      "installMode": "mirror",
      "files": {
        "SKILL.md": {
          "sha256": "0413953634eccb95c9dafb270f2ff0298940b240d516f1d1d5fee385e006c61d",
          "size": 917
        },
        "skill.yaml": {
          "sha256": "39b007a53d9126d3fe4e8938a67d616a52be210a82ba211753afa92a073d06bd",
          "size": 78
        }
      }
    },
    "SHARED/debug-framework": {
      "source": {
        "type": "local",
        "name": "personal",
        "path": "~/.skill-sync/skills/SHARED/debug-framework",
        "fetchedAt": "2026-07-20T23:35:04.533Z"
      },
      "installMode": "mirror",
      "files": {
        "SKILL.md": {
          "sha256": "1964ce9faabda89c45c4eebdceac3ebb5d82e227fb01cf0b3560f2d332a6785f",
          "size": 1962
        },
        "skill.yaml": {
          "sha256": "5a05145cb3c931665ea3b76d47bb4f46d7f33316f525076bdefd0df31cd44afb",
          "size": 123
        }
      }
    },
    "SHARED/slicing-framework": {
      "source": {
        "type": "local",
        "name": "personal",
        "path": "~/.skill-sync/skills/SHARED/slicing-framework",
        "fetchedAt": "2026-07-20T23:35:04.535Z"
      },
      "installMode": "mirror",
      "files": {
        "SKILL.md": {
          "sha256": "4660596bd35ffcfc81dece939739c8cc312f38b93f07177f72f08c23a625ae59",
          "size": 745
        },
        "skill.yaml": {
          "sha256": "39b007a53d9126d3fe4e8938a67d616a52be210a82ba211753afa92a073d06bd",
          "size": 78
        }
      }
    },
    "SHARED/plan-deepening-framework": {
      "source": {
        "type": "local",
        "name": "personal",
        "path": "~/.skill-sync/skills/SHARED/plan-deepening-framework",
        "fetchedAt": "2026-07-20T23:35:04.538Z"
      },
      "installMode": "mirror",
      "files": {
        "SKILL.md": {
          "sha256": "7eb6c98a00c01504b0884503bf3e00eaa7adfb9618756dc85c8d3f8ca3beef35",
          "size": 762
        },
        "skill.yaml": {
          "sha256": "39b007a53d9126d3fe4e8938a67d616a52be210a82ba211753afa92a073d06bd",
          "size": 78
        }
      }
    },
    "SHARED/review-protocol": {
      "source": {
        "type": "local",
        "name": "personal",
        "path": "~/.skill-sync/skills/SHARED/review-protocol",
        "fetchedAt": "2026-07-20T23:35:04.536Z"
      },
      "installMode": "mirror",
      "files": {
        "SKILL.md": {
          "sha256": "c9163a1459530450a089bbbfff366c3d549c5c1b93045668d922b6f45c363c92",
          "size": 2221
        },
        "skill.yaml": {
          "sha256": "efe5d79366ee8ff39450f8e68b47c2fcd021f547585d1546a35e3e3f66078545",
          "size": 104
        }
      }
    }
  }
}
