{
  "version": 1,
  "lockedAt": "2026-04-30T14:50:26.240Z",
  "skills": {
    "blog": {
      "source": {
        "type": "local",
        "name": "personal",
        "path": "/Users/joe/.skill-sync/skills/blog",
        "fetchedAt": "2026-04-30T14:50:26.123Z"
      },
      "installMode": "mirror",
      "files": {
        "references/audit.md": {
          "sha256": "9d502a838b8f6a939d00228f381545c33e2b5b15dd342d84664e7e0793573bbc",
          "size": 2914
        },
        "references/critique.md": {
          "sha256": "733b143ed8628d24d5aa834885c994e7c5f0d6351a9de2bb17d615ee53d2f33f",
          "size": 2695
        },
        "references/editorial-review.md": {
          "sha256": "ef13c4a70da620ff21d3fb3c3a04d1faf97e99f6be7b21963134b72ac93c81b8",
          "size": 3107
        },
        "SKILL.md": {
          "sha256": "fb911edea875cd92bda7b4ba44541cf47a6e05bcd9ba603582c2f02fd1cd9b95",
          "size": 9107
        },
        "skill.yaml": {
          "sha256": "aa5ae37ee34c1ddfd90617ebd9a87bd5993b89d3a96d90445411d5123d1b2faf",
          "size": 120
        }
      }
    },
    "code": {
      "source": {
        "type": "local",
        "name": "personal",
        "path": "/Users/joe/.skill-sync/skills/code",
        "fetchedAt": "2026-04-30T14:50:26.127Z"
      },
      "installMode": "mirror",
      "files": {
        "references/compare.md": {
          "sha256": "ed195369fac1a5dc25036393ded7ef9b0b4deee2cef3c03b0f59b6851df90b3d",
          "size": 2844
        },
        "references/deprecation-patterns.md": {
          "sha256": "3f4074074f9dd22fdc4c822ddc201ddc5600c91688ba999288d5bb397f2f2952",
          "size": 1729
        },
        "references/five-axis-review.md": {
          "sha256": "4434ef143b98ad44e833082d2072e2f03433c43d0c72be0f4c8e2271f97c4832",
          "size": 2002
        },
        "references/handoff.md": {
          "sha256": "e514dbe39d97a87214b29ae6f3730ec2176d6d6ec718c5866068cfffc74803da",
          "size": 2224
        },
        "references/iterate.md": {
          "sha256": "0e05ce17bd93429effa066919fd6013ee8989ac5ceee9a7be2c568b5c149ce45",
          "size": 6804
        },
        "references/security-checklist.md": {
          "sha256": "6b6d65dcb10da078194369e20efc1288136cfe0acd1550fa44a615f5e6141db3",
          "size": 2239
        },
        "references/shrink.md": {
          "sha256": "9e427e427e307d6635aeb41bdc853ee35e9178e34b88ef555d06ce4e31b6f0b1",
          "size": 2434
        },
        "references/to-spec.md": {
          "sha256": "7bf46542625bc4a9bdafc48ddab3fdbb2a5d7cbd95f22b50bff5a849e9727567",
          "size": 2387
        },
        "SKILL.md": {
          "sha256": "1d8b419c79dcf67aa83c286f1a37f0cd11638e520045a8c16bffd3d53e9d6949",
          "size": 6711
        },
        "skill.yaml": {
          "sha256": "cb7a8c724fd0229a119d7c6e68fb2845e50aa69fe0652f8805a595abd161c87c",
          "size": 1017
        }
      }
    },
    "docs": {
      "source": {
        "type": "local",
        "name": "personal",
        "path": "/Users/joe/.skill-sync/skills/docs",
        "fetchedAt": "2026-04-30T14:50:26.128Z"
      },
      "installMode": "mirror",
      "files": {
        "references/adversarial.md": {
          "sha256": "303df07625bd3729b5afb0b2e72e7667fe60bbad729870fb82b31826452417a3",
          "size": 2524
        },
        "references/compare.md": {
          "sha256": "7147f540a0b46abee01932ec686cd20e1f5393047bbfe8fb9097f3ae276d7d36",
          "size": 3043
        },
        "references/shrink.md": {
          "sha256": "a024645f6c6d14398282364000d038a208cb3500b514fee6f1b11d44140cb706",
          "size": 2455
        },
        "SKILL.md": {
          "sha256": "53a31224a05f3f1a24e847613879593bbaf84674eebc86f2142ce509fc63b630",
          "size": 4925
        },
        "skill.yaml": {
          "sha256": "b348d06c928d986a3714d5337723e59c40a45939e31405a8de2019171de32970",
          "size": 204
        }
      }
    },
    "skill-sync": {
      "source": {
        "type": "local",
        "name": "personal",
        "path": "/Users/joe/.skill-sync/skills/skill-sync",
        "fetchedAt": "2026-04-30T14:50:26.130Z"
      },
      "installMode": "mirror",
      "files": {
        "SKILL.md": {
          "sha256": "86af53ff307504892aac7fc2becd801fe5a502ec1ab563a2685c601058cec232",
          "size": 6803
        },
        "skill.yaml": {
          "sha256": "a65d60707d5db13f2d80a7ecb375cf42d624e393da19fb72956426c32efe007e",
          "size": 167
        }
      }
    },
    "test": {
      "source": {
        "type": "local",
        "name": "personal",
        "path": "/Users/joe/.skill-sync/skills/test",
        "fetchedAt": "2026-04-30T14:50:26.132Z"
      },
      "installMode": "mirror",
      "files": {
        "references/perf.md": {
          "sha256": "3a572eb4b4a0290d3d4d879673fa40680d3c83feee565d07172e646b3294cb0e",
          "size": 2660
        },
        "references/testing-patterns.md": {
          "sha256": "4d9c992a9468f313b70ef181fa95dbd11a984ae40cb914dbdea30f0ad6f856bf",
          "size": 1827
        },
        "SKILL.md": {
          "sha256": "1b87454187ae73499102b656073ad1da5cc3048c8efabea16b029e6922594f38",
          "size": 5357
        },
        "skill.yaml": {
          "sha256": "58a892c4641cea9cfb10e08f8c91c5d6c728d3cafc43fa8c8d9ed6ede4c23f27",
          "size": 405
        }
      }
    },
    "todo": {
      "source": {
        "type": "local",
        "name": "personal",
        "path": "/Users/joe/.skill-sync/skills/todo",
        "fetchedAt": "2026-04-30T14:50:26.133Z"
      },
      "installMode": "mirror",
      "files": {
        "defaults/TODO_ENTRY_TEMPLATE.yaml": {
          "sha256": "56c4549dcf488b7b33aaea51d1d22669527191443cfd14ab6e32b43ec0fd5552",
          "size": 7515
        },
        "defaults/TODO_SCHEMA.yaml": {
          "sha256": "8c400ff2bfbb6e504c1d9b22d7cc1e28476c0949b93c9a130e4e1c775c6a19da",
          "size": 8773
        },
        "references/structure.md": {
          "sha256": "cfa91a5d3b17939480d7a05039ea4d82ab17535a6c792844eb5708e6cccb689f",
          "size": 3697
        },
        "SKILL.md": {
          "sha256": "5c0c6870c940342c4c3151f6e38f5af2633337ea1066cd44e54a28cfb9c717d4",
          "size": 10274
        },
        "skill.yaml": {
          "sha256": "02fb9215abb958fbb853438905ee2fab5eaf49c9cc820033edb23c992313fe20",
          "size": 298
        }
      }
    },
    "SHARED/commit-framework": {
      "source": {
        "type": "local",
        "name": "personal",
        "path": "/Users/joe/.skill-sync/skills/SHARED/commit-framework",
        "fetchedAt": "2026-04-30T14:50:26.134Z"
      },
      "installMode": "mirror",
      "files": {
        "SKILL.md": {
          "sha256": "6f21f020c9796df392f5e8c14fbf8750590901ef23d3691c1c2fca283c28d0d2",
          "size": 1419
        },
        "skill.yaml": {
          "sha256": "39b007a53d9126d3fe4e8938a67d616a52be210a82ba211753afa92a073d06bd",
          "size": 78
        }
      }
    },
    "SHARED/verify-framework": {
      "source": {
        "type": "local",
        "name": "personal",
        "path": "/Users/joe/.skill-sync/skills/SHARED/verify-framework",
        "fetchedAt": "2026-04-30T14:50:26.135Z"
      },
      "installMode": "mirror",
      "files": {
        "SKILL.md": {
          "sha256": "06378aca7cf7ce65caf88940c8df05a601f1f22794dca0d10f8ac9172f587d6c",
          "size": 999
        },
        "skill.yaml": {
          "sha256": "39b007a53d9126d3fe4e8938a67d616a52be210a82ba211753afa92a073d06bd",
          "size": 78
        }
      }
    },
    "SHARED/research-framework": {
      "source": {
        "type": "local",
        "name": "personal",
        "path": "/Users/joe/.skill-sync/skills/SHARED/research-framework",
        "fetchedAt": "2026-04-30T14:50:26.136Z"
      },
      "installMode": "mirror",
      "files": {
        "SKILL.md": {
          "sha256": "01f69709c45f3a6923b3e42e6c8c47232dd11996e4cba1ff84060422cdb6280d",
          "size": 1152
        },
        "skill.yaml": {
          "sha256": "39b007a53d9126d3fe4e8938a67d616a52be210a82ba211753afa92a073d06bd",
          "size": 78
        }
      }
    },
    "SHARED/compare-framework": {
      "source": {
        "type": "local",
        "name": "personal",
        "path": "/Users/joe/.skill-sync/skills/SHARED/compare-framework",
        "fetchedAt": "2026-04-30T14:50:26.137Z"
      },
      "installMode": "mirror",
      "files": {
        "SKILL.md": {
          "sha256": "5dbe724ad706bbd38544ce94243f26bc55cfd5269ca602ce3a9b30670d489fa1",
          "size": 2246
        },
        "skill.yaml": {
          "sha256": "39b007a53d9126d3fe4e8938a67d616a52be210a82ba211753afa92a073d06bd",
          "size": 78
        }
      }
    },
    "SHARED/shrink-framework": {
      "source": {
        "type": "local",
        "name": "personal",
        "path": "/Users/joe/.skill-sync/skills/SHARED/shrink-framework",
        "fetchedAt": "2026-04-30T14:50:26.137Z"
      },
      "installMode": "mirror",
      "files": {
        "SKILL.md": {
          "sha256": "3efb988388d29c9940b6eff19e19665e5f02ceb0ebc6aa1380621ab3ce7d1ad5",
          "size": 3757
        },
        "skill.yaml": {
          "sha256": "39b007a53d9126d3fe4e8938a67d616a52be210a82ba211753afa92a073d06bd",
          "size": 78
        }
      }
    },
    "tidy-perms": {
      "source": {
        "type": "local",
        "name": "personal",
        "path": "/Users/joe/.skill-sync/skills/tidy-perms",
        "fetchedAt": "2026-04-30T14:50:26.134Z"
      },
      "installMode": "mirror",
      "files": {
        "SKILL.md": {
          "sha256": "af438d97235ece202d5aa9035b73a7453403089c49c0220e523c3107a7ec27da",
          "size": 8287
        }
      }
    },
    "SHARED/context-guide": {
      "source": {
        "type": "local",
        "name": "personal",
        "path": "/Users/joe/.skill-sync/skills/SHARED/context-guide",
        "fetchedAt": "2026-04-30T14:50:26.138Z"
      },
      "installMode": "mirror",
      "files": {
        "SKILL.md": {
          "sha256": "cb1d9c1732f96349f7b351da5af9abdd4de637335cb33218ee698b718adf7189",
          "size": 1824
        },
        "skill.yaml": {
          "sha256": "39b007a53d9126d3fe4e8938a67d616a52be210a82ba211753afa92a073d06bd",
          "size": 78
        }
      }
    },
    "SHARED/debug-framework": {
      "source": {
        "type": "local",
        "name": "personal",
        "path": "/Users/joe/.skill-sync/skills/SHARED/debug-framework",
        "fetchedAt": "2026-04-30T14:50:26.139Z"
      },
      "installMode": "mirror",
      "files": {
        "SKILL.md": {
          "sha256": "f2e53d3d4ea9b22310d26bc3c33d5a939233a12ede1e05c319e2a167e17ff790",
          "size": 4530
        },
        "skill.yaml": {
          "sha256": "5a05145cb3c931665ea3b76d47bb4f46d7f33316f525076bdefd0df31cd44afb",
          "size": 123
        }
      }
    },
    "SHARED/slicing-framework": {
      "source": {
        "type": "local",
        "name": "personal",
        "path": "/Users/joe/.skill-sync/skills/SHARED/slicing-framework",
        "fetchedAt": "2026-04-30T14:50:26.140Z"
      },
      "installMode": "mirror",
      "files": {
        "SKILL.md": {
          "sha256": "c0ae16ec74ab5a2e1e1d04cf2a43090b4a01dff60f6ecd79fefb1bb167a8569b",
          "size": 1990
        },
        "skill.yaml": {
          "sha256": "39b007a53d9126d3fe4e8938a67d616a52be210a82ba211753afa92a073d06bd",
          "size": 78
        }
      }
    },
    "SHARED/plan-deepening-framework": {
      "source": {
        "type": "local",
        "name": "personal",
        "path": "/Users/joe/.skill-sync/skills/SHARED/plan-deepening-framework",
        "fetchedAt": "2026-04-30T14:50:26.141Z"
      },
      "installMode": "mirror",
      "files": {
        "SKILL.md": {
          "sha256": "0bd5bdee5530275cf3fe4e0f6e0e25951084b77f8cff50050527cd1594b7d324",
          "size": 1021
        },
        "skill.yaml": {
          "sha256": "39b007a53d9126d3fe4e8938a67d616a52be210a82ba211753afa92a073d06bd",
          "size": 78
        }
      }
    }
  }
}
