{
  "version": 1,
  "lockedAt": "2026-03-27T20:33:31.202Z",
  "skills": {
    "blog": {
      "source": {
        "type": "local",
        "name": "personal",
        "path": "/Users/joe/.skill-sync/skills/blog",
        "fetchedAt": "2026-03-27T20:33:31.082Z"
      },
      "installMode": "mirror",
      "files": {
        "references/audit.md": {
          "sha256": "9d502a838b8f6a939d00228f381545c33e2b5b15dd342d84664e7e0793573bbc",
          "size": 2914
        },
        "references/cleanup.md": {
          "sha256": "5192729cf5f883fd26ef5a0ed96ca93049e29b78027df6fabd387e37d8521a56",
          "size": 1076
        },
        "references/critique.md": {
          "sha256": "733b143ed8628d24d5aa834885c994e7c5f0d6351a9de2bb17d615ee53d2f33f",
          "size": 2695
        },
        "references/editorial-review.md": {
          "sha256": "ef13c4a70da620ff21d3fb3c3a04d1faf97e99f6be7b21963134b72ac93c81b8",
          "size": 3107
        },
        "SKILL.md": {
          "sha256": "9d464ee34e806c6ce1114107f5fe565f880062d5d66730fea805a3b022bb0341",
          "size": 9004
        },
        "skill.yaml": {
          "sha256": "aa5ae37ee34c1ddfd90617ebd9a87bd5993b89d3a96d90445411d5123d1b2faf",
          "size": 120
        }
      }
    },
    "code": {
      "source": {
        "type": "local",
        "name": "personal",
        "path": "/Users/joe/.skill-sync/skills/code",
        "fetchedAt": "2026-03-27T20:33:31.086Z"
      },
      "installMode": "mirror",
      "files": {
        "references/compare.md": {
          "sha256": "ed195369fac1a5dc25036393ded7ef9b0b4deee2cef3c03b0f59b6851df90b3d",
          "size": 2844
        },
        "references/handoff.md": {
          "sha256": "e514dbe39d97a87214b29ae6f3730ec2176d6d6ec718c5866068cfffc74803da",
          "size": 2224
        },
        "references/shrink.md": {
          "sha256": "9e427e427e307d6635aeb41bdc853ee35e9178e34b88ef555d06ce4e31b6f0b1",
          "size": 2434
        },
        "references/to-spec.md": {
          "sha256": "7bf46542625bc4a9bdafc48ddab3fdbb2a5d7cbd95f22b50bff5a849e9727567",
          "size": 2387
        },
        "SKILL.md": {
          "sha256": "a224fc545eccedaffe1045d05244e289249613ceb33cc466eb6f042fda9fd08b",
          "size": 6707
        },
        "skill.yaml": {
          "sha256": "dcba8565f0cc41a79a4a20ef21d117316d98a2dde5445b0cbef996d735ba4c3d",
          "size": 900
        }
      }
    },
    "docs": {
      "source": {
        "type": "local",
        "name": "personal",
        "path": "/Users/joe/.skill-sync/skills/docs",
        "fetchedAt": "2026-03-27T20:33:31.088Z"
      },
      "installMode": "mirror",
      "files": {
        "references/adversarial.md": {
          "sha256": "303df07625bd3729b5afb0b2e72e7667fe60bbad729870fb82b31826452417a3",
          "size": 2524
        },
        "references/compare.md": {
          "sha256": "7147f540a0b46abee01932ec686cd20e1f5393047bbfe8fb9097f3ae276d7d36",
          "size": 3043
        },
        "references/shrink.md": {
          "sha256": "a024645f6c6d14398282364000d038a208cb3500b514fee6f1b11d44140cb706",
          "size": 2455
        },
        "SKILL.md": {
          "sha256": "b436ced683ac6ec318dd47a570969eb23f87dda131cdbb12d7b064629011b953",
          "size": 5176
        },
        "skill.yaml": {
          "sha256": "b348d06c928d986a3714d5337723e59c40a45939e31405a8de2019171de32970",
          "size": 204
        }
      }
    },
    "skill-sync": {
      "source": {
        "type": "local",
        "name": "personal",
        "path": "/Users/joe/.skill-sync/skills/skill-sync",
        "fetchedAt": "2026-03-27T20:33:31.090Z"
      },
      "installMode": "mirror",
      "files": {
        "SKILL.md": {
          "sha256": "71ad89800d434a7be10a33809252f4c0c2bd075ed93e614950c549153ba2f25f",
          "size": 7936
        },
        "skill.yaml": {
          "sha256": "a65d60707d5db13f2d80a7ecb375cf42d624e393da19fb72956426c32efe007e",
          "size": 167
        }
      }
    },
    "test": {
      "source": {
        "type": "local",
        "name": "personal",
        "path": "/Users/joe/.skill-sync/skills/test",
        "fetchedAt": "2026-03-27T20:33:31.092Z"
      },
      "installMode": "mirror",
      "files": {
        "references/cleanup.md": {
          "sha256": "b958d6772f59a288a2f7c4018be6d8b1bcbba565affb54f63e94e706bd9dde74",
          "size": 648
        },
        "references/perf.md": {
          "sha256": "3a572eb4b4a0290d3d4d879673fa40680d3c83feee565d07172e646b3294cb0e",
          "size": 2660
        },
        "SKILL.md": {
          "sha256": "a0c1cee00442f2f29e000275b0bff25b7f33ba790bbc615ebfe5981e20e12329",
          "size": 5206
        },
        "skill.yaml": {
          "sha256": "7b37e030d4c974d7c44947e0a2dafe83705efb70a4191d7b434bdaa667706dcb",
          "size": 353
        }
      }
    },
    "todo": {
      "source": {
        "type": "local",
        "name": "personal",
        "path": "/Users/joe/.skill-sync/skills/todo",
        "fetchedAt": "2026-03-27T20:33:31.099Z"
      },
      "installMode": "mirror",
      "files": {
        "defaults/TODO_ENTRY_TEMPLATE.yaml": {
          "sha256": "56c4549dcf488b7b33aaea51d1d22669527191443cfd14ab6e32b43ec0fd5552",
          "size": 7515
        },
        "defaults/TODO_SCHEMA.yaml": {
          "sha256": "8c400ff2bfbb6e504c1d9b22d7cc1e28476c0949b93c9a130e4e1c775c6a19da",
          "size": 8773
        },
        "references/structure.md": {
          "sha256": "cfa91a5d3b17939480d7a05039ea4d82ab17535a6c792844eb5708e6cccb689f",
          "size": 3697
        },
        "SKILL.md": {
          "sha256": "320bf03defa7aafe33325bdaf815665a76a0bc71176530d3221bef147cd9063e",
          "size": 8190
        },
        "skill.yaml": {
          "sha256": "7ab0e6815fbeece9a5228fa2998df98dda15ef32acd39ea61c09f0c0f582d392",
          "size": 269
        }
      }
    },
    "SHARED/commit-framework": {
      "source": {
        "type": "local",
        "name": "personal",
        "path": "/Users/joe/.skill-sync/skills/SHARED/commit-framework",
        "fetchedAt": "2026-03-27T20:33:31.101Z"
      },
      "installMode": "mirror",
      "files": {
        "SKILL.md": {
          "sha256": "92b7ed6a8b29a357dc8ebaed73216a0581d1ff0a0f92f4d813781e671a5e1a06",
          "size": 1340
        },
        "skill.yaml": {
          "sha256": "39b007a53d9126d3fe4e8938a67d616a52be210a82ba211753afa92a073d06bd",
          "size": 78
        }
      }
    },
    "SHARED/verify-framework": {
      "source": {
        "type": "local",
        "name": "personal",
        "path": "/Users/joe/.skill-sync/skills/SHARED/verify-framework",
        "fetchedAt": "2026-03-27T20:33:31.102Z"
      },
      "installMode": "mirror",
      "files": {
        "SKILL.md": {
          "sha256": "aaa72c9b3cae19abc710ab10d2e5097f859efc91753fe66720e3e9f1c34cb273",
          "size": 1022
        },
        "skill.yaml": {
          "sha256": "39b007a53d9126d3fe4e8938a67d616a52be210a82ba211753afa92a073d06bd",
          "size": 78
        }
      }
    },
    "SHARED/research-framework": {
      "source": {
        "type": "local",
        "name": "personal",
        "path": "/Users/joe/.skill-sync/skills/SHARED/research-framework",
        "fetchedAt": "2026-03-27T20:33:31.104Z"
      },
      "installMode": "mirror",
      "files": {
        "SKILL.md": {
          "sha256": "5c95801d684486cf493ebaee3debc3c8538f7420fce27740b2badc2dc393c698",
          "size": 1334
        },
        "skill.yaml": {
          "sha256": "39b007a53d9126d3fe4e8938a67d616a52be210a82ba211753afa92a073d06bd",
          "size": 78
        }
      }
    },
    "SHARED/compare-framework": {
      "source": {
        "type": "local",
        "name": "personal",
        "path": "/Users/joe/.skill-sync/skills/SHARED/compare-framework",
        "fetchedAt": "2026-03-27T20:33:31.105Z"
      },
      "installMode": "mirror",
      "files": {
        "SKILL.md": {
          "sha256": "43e764dc09ba66f791e6bea868fcd328b47e18b78f2d4f91a767e5de108881bc",
          "size": 3007
        },
        "skill.yaml": {
          "sha256": "39b007a53d9126d3fe4e8938a67d616a52be210a82ba211753afa92a073d06bd",
          "size": 78
        }
      }
    },
    "SHARED/shrink-framework": {
      "source": {
        "type": "local",
        "name": "personal",
        "path": "/Users/joe/.skill-sync/skills/SHARED/shrink-framework",
        "fetchedAt": "2026-03-27T20:33:31.107Z"
      },
      "installMode": "mirror",
      "files": {
        "SKILL.md": {
          "sha256": "714e2d7792f1b498daf5edb59fee2468ee706fbf0bf33a5048f58d8b03ef8756",
          "size": 3734
        },
        "skill.yaml": {
          "sha256": "39b007a53d9126d3fe4e8938a67d616a52be210a82ba211753afa92a073d06bd",
          "size": 78
        }
      }
    },
    "tidy-perms": {
      "source": {
        "type": "local",
        "name": "personal",
        "path": "/Users/joe/.skill-sync/skills/tidy-perms",
        "fetchedAt": "2026-03-27T20:30:56.620Z"
      },
      "installMode": "mirror",
      "files": {
        "SKILL.md": {
          "sha256": "bd3d29035c59d1e8f6c880bc8d1e4e2819b5172ec37e87527b39b258088a9205",
          "size": 6285
        }
      }
    }
  }
}
